# This file is automatically @generated by Cargo.
# It is not intended for manual editing.
version = 3

[[package]]
name = "bmbp_data"
version = "0.0.1"

[[package]]
name = "bmbp_data_data"
version = "0.0.1"

[[package]]
name = "bmbp_data_driver"
version = "0.0.1"

[[package]]
name = "bmbp_data_meta"
version = "0.0.1"

[[package]]
name = "bmbp_data_sql"
version = "0.0.1"

[[package]]
name = "bmbp_data_struct"
version = "0.0.1"

[[package]]
name = "bmbp_data_ui"
version = "0.0.1"

[[package]]
name = "bmbp_repoer_ds"
version = "0.0.1"
